// !$*UTF8*$!
{
	archiveVersion = 1;
	classes = {
	};
	objectVersion = 56;
	objects = {

/* Begin PBXBuildFile section */
		F47BFD6628E6FDF50010885D /* DisneyPark.ttf in Resources */ = {isa = PBXBuildFile; fileRef = F47BFD6528E6FDF40010885D /* DisneyPark.ttf */; };
		F4ACB63728E70841008EE311 /* DetailViewController.swift in Sources */ = {isa = PBXBuildFile; fileRef = F4ACB63628E70841008EE311 /* DetailViewController.swift */; };
		F4EFCD7028E47740007A9D59 /* AppDelegate.swift in Sources */ = {isa = PBXBuildFile; fileRef = F4EFCD6F28E47740007A9D59 /* AppDelegate.swift */; };
		F4EFCD7228E47740007A9D59 /* SceneDelegate.swift in Sources */ = {isa = PBXBuildFile; fileRef = F4EFCD7128E47740007A9D59 /* SceneDelegate.swift */; };
		F4EFCD7428E47740007A9D59 /* MainViewController.swift in Sources */ = {isa = PBXBuildFile; fileRef = F4EFCD7328E47740007A9D59 /* MainViewController.swift */; };
		F4EFCD7728E47740007A9D59 /* Main.storyboard in Resources */ = {isa = PBXBuildFile; fileRef = F4EFCD7528E47740007A9D59 /* Main.storyboard */; };
		F4EFCD7928E47742007A9D59 /* Assets.xcassets in Resources */ = {isa = PBXBuildFile; fileRef = F4EFCD7828E47742007A9D59 /* Assets.xcassets */; };
		F4EFCD7C28E47742007A9D59 /* LaunchScreen.storyboard in Resources */ = {isa = PBXBuildFile; fileRef = F4EFCD7A28E47742007A9D59 /* LaunchScreen.storyboard */; };
		F4EFCD8428E477AF007A9D59 /* .gitignore in Resources */ = {isa = PBXBuildFile; fileRef = F4EFCD8328E477AF007A9D59 /* .gitignore */; };
		F4EFCD8F28E48BC9007A9D59 /* Character.swift in Sources */ = {isa = PBXBuildFile; fileRef = F4EFCD8E28E48BC9007A9D59 /* Character.swift */; };
		F4EFCD9228E48CFF007A9D59 /* CharacterCell.swift in Sources */ = {isa = PBXBuildFile; fileRef = F4EFCD9128E48CFF007A9D59 /* CharacterCell.swift */; };
		F4EFCD9528E4A89D007A9D59 /* NetworkManager.swift in Sources */ = {isa = PBXBuildFile; fileRef = F4EFCD9428E4A89D007A9D59 /* NetworkManager.swift */; };
/* End PBXBuildFile section */

/* Begin PBXFileReference section */
		F47BFD6528E6FDF40010885D /* DisneyPark.ttf */ = {isa = PBXFileReference; lastKnownFileType = file; path = DisneyPark.ttf; sourceTree = "<group>"; };
		F4ACB63628E70841008EE311 /* DetailViewController.swift */ = {isa = PBXFileReference; lastKnownFileType = sourcecode.swift; path = DetailViewController.swift; sourceTree = "<group>"; };
		F4EFCD6C28E47740007A9D59 /* TuturuTestTask.app */ = {isa = PBXFileReference; explicitFileType = wrapper.application; includeInIndex = 0; path = TuturuTestTask.app; sourceTree = BUILT_PRODUCTS_DIR; };
		F4EFCD6F28E47740007A9D59 /* AppDelegate.swift */ = {isa = PBXFileReference; lastKnownFileType = sourcecode.swift; path = AppDelegate.swift; sourceTree = "<group>"; };
		F4EFCD7128E47740007A9D59 /* SceneDelegate.swift */ = {isa = PBXFileReference; lastKnownFileType = sourcecode.swift; path = SceneDelegate.swift; sourceTree = "<group>"; };
		F4EFCD7328E47740007A9D59 /* MainViewController.swift */ = {isa = PBXFileReference; lastKnownFileType = sourcecode.swift; path = MainViewController.swift; sourceTree = "<group>"; };
		F4EFCD7628E47740007A9D59 /* Base */ = {isa = PBXFileReference; lastKnownFileType = file.storyboard; name = Base; path = Base.lproj/Main.storyboard; sourceTree = "<group>"; };
		F4EFCD7828E47742007A9D59 /* Assets.xcassets */ = {isa = PBXFileReference; lastKnownFileType = folder.assetcatalog; path = Assets.xcassets; sourceTree = "<group>"; };
		F4EFCD7B28E47742007A9D59 /* Base */ = {isa = PBXFileReference; lastKnownFileType = file.storyboard; name = Base; path = Base.lproj/LaunchScreen.storyboard; sourceTree = "<group>"; };
		F4EFCD7D28E47742007A9D59 /* Info.plist */ = {isa = PBXFileReference; lastKnownFileType = text.plist.xml; path = Info.plist; sourceTree = "<group>"; };
		F4EFCD8328E477AF007A9D59 /* .gitignore */ = {isa = PBXFileReference; lastKnownFileType = text; path = .gitignore; sourceTree = "<group>"; };
		F4EFCD8E28E48BC9007A9D59 /* Character.swift */ = {isa = PBXFileReference; lastKnownFileType = sourcecode.swift; path = Character.swift; sourceTree = "<group>"; };
		F4EFCD9128E48CFF007A9D59 /* CharacterCell.swift */ = {isa = PBXFileReference; lastKnownFileType = sourcecode.swift; path = CharacterCell.swift; sourceTree = "<group>"; };
		F4EFCD9428E4A89D007A9D59 /* NetworkManager.swift */ = {isa = PBXFileReference; lastKnownFileType = sourcecode.swift; path = NetworkManager.swift; sourceTree = "<group>"; };
/* End PBXFileReference section */

/* Begin PBXFrameworksBuildPhase section */
		F4EFCD6928E47740007A9D59 /* Frameworks */ = {
			isa = PBXFrameworksBuildPhase;
			buildActionMask = 2147483647;
			files = (
			);
			runOnlyForDeploymentPostprocessing = 0;
		};
/* End PBXFrameworksBuildPhase section */

/* Begin PBXGroup section */
		F47BFD6428E6FDDE0010885D /* Fonts */ = {
			isa = PBXGroup;
			children = (
				F47BFD6528E6FDF40010885D /* DisneyPark.ttf */,
			);
			path = Fonts;
			sourceTree = "<group>";
		};
		F4EFCD6328E47740007A9D59 = {
			isa = PBXGroup;
			children = (
				F4EFCD8328E477AF007A9D59 /* .gitignore */,
				F4EFCD6E28E47740007A9D59 /* TuturuTestTask */,
				F4EFCD6D28E47740007A9D59 /* Products */,
			);
			sourceTree = "<group>";
		};
		F4EFCD6D28E47740007A9D59 /* Products */ = {
			isa = PBXGroup;
			children = (
				F4EFCD6C28E47740007A9D59 /* TuturuTestTask.app */,
			);
			name = Products;
			sourceTree = "<group>";
		};
		F4EFCD6E28E47740007A9D59 /* TuturuTestTask */ = {
			isa = PBXGroup;
			children = (
				F4EFCD9328E4A887007A9D59 /* NetworkManager */,
				F4EFCD9028E48CDA007A9D59 /* Cells */,
				F4EFCD8928E485F5007A9D59 /* Models */,
				F4EFCD8628E47875007A9D59 /* ViewControllers */,
				F4EFCD8728E47883007A9D59 /* Storyboards */,
				F4EFCD8528E47842007A9D59 /* App */,
				F4EFCD8828E4788E007A9D59 /* Resources */,
			);
			path = TuturuTestTask;
			sourceTree = "<group>";
		};
		F4EFCD8528E47842007A9D59 /* App */ = {
			isa = PBXGroup;
			children = (
				F4EFCD6F28E47740007A9D59 /* AppDelegate.swift */,
				F4EFCD7128E47740007A9D59 /* SceneDelegate.swift */,
				F4EFCD7D28E47742007A9D59 /* Info.plist */,
			);
			path = App;
			sourceTree = "<group>";
		};
		F4EFCD8628E47875007A9D59 /* ViewControllers */ = {
			isa = PBXGroup;
			children = (
				F4EFCD7328E47740007A9D59 /* MainViewController.swift */,
				F4ACB63628E70841008EE311 /* DetailViewController.swift */,
			);
			path = ViewControllers;
			sourceTree = "<group>";
		};
		F4EFCD8728E47883007A9D59 /* Storyboards */ = {
			isa = PBXGroup;
			children = (
				F4EFCD7528E47740007A9D59 /* Main.storyboard */,
				F4EFCD7A28E47742007A9D59 /* LaunchScreen.storyboard */,
			);
			path = Storyboards;
			sourceTree = "<group>";
		};
		F4EFCD8828E4788E007A9D59 /* Resources */ = {
			isa = PBXGroup;
			children = (
				F47BFD6428E6FDDE0010885D /* Fonts */,
				F4EFCD7828E47742007A9D59 /* Assets.xcassets */,
			);
			path = Resources;
			sourceTree = "<group>";
		};
		F4EFCD8928E485F5007A9D59 /* Models */ = {
			isa = PBXGroup;
			children = (
				F4EFCD8E28E48BC9007A9D59 /* Character.swift */,
			);
			path = Models;
			sourceTree = "<group>";
		};
		F4EFCD9028E48CDA007A9D59 /* Cells */ = {
			isa = PBXGroup;
			children = (
				F4EFCD9128E48CFF007A9D59 /* CharacterCell.swift */,
			);
			path = Cells;
			sourceTree = "<group>";
		};
		F4EFCD9328E4A887007A9D59 /* NetworkManager */ = {
			isa = PBXGroup;
			children = (
				F4EFCD9428E4A89D007A9D59 /* NetworkManager.swift */,
			);
			path = NetworkManager;
			sourceTree = "<group>";
		};
/* End PBXGroup section */

/* Begin PBXNativeTarget section */
		F4EFCD6B28E47740007A9D59 /* TuturuTestTask */ = {
			isa = PBXNativeTarget;
			buildConfigurationList = F4EFCD8028E47742007A9D59 /* Build configuration list for PBXNativeTarget "TuturuTestTask" */;
			buildPhases = (
				F4EFCD6828E47740007A9D59 /* Sources */,
				F4EFCD6928E47740007A9D59 /* Frameworks */,
				F4EFCD6A28E47740007A9D59 /* Resources */,
			);
			buildRules = (
			);
			dependencies = (
			);
			name = TuturuTestTask;
			productName = TuturuTestTask;
			productReference = F4EFCD6C28E47740007A9D59 /* TuturuTestTask.app */;
			productType = "com.apple.product-type.application";
		};
/* End PBXNativeTarget section */

/* Begin PBXProject section */
		F4EFCD6428E47740007A9D59 /* Project object */ = {
			isa = PBXProject;
			attributes = {
				BuildIndependentTargetsInParallel = 1;
				LastSwiftUpdateCheck = 1400;
				LastUpgradeCheck = 1400;
				TargetAttributes = {
					F4EFCD6B28E47740007A9D59 = {
						CreatedOnToolsVersion = 14.0.1;
					};
				};
			};
			buildConfigurationList = F4EFCD6728E47740007A9D59 /* Build configuration list for PBXProject "TuturuTestTask" */;
			compatibilityVersion = "Xcode 14.0";
			developmentRegion = en;
			hasScannedForEncodings = 0;
			knownRegions = (
				en,
				Base,
			);
			mainGroup = F4EFCD6328E47740007A9D59;
			productRefGroup = F4EFCD6D28E47740007A9D59 /* Products */;
			projectDirPath = "";
			projectRoot = "";
			targets = (
				F4EFCD6B28E47740007A9D59 /* TuturuTestTask */,
			);
		};
/* End PBXProject section */

/* Begin PBXResourcesBuildPhase section */
		F4EFCD6A28E47740007A9D59 /* Resources */ = {
			isa = PBXResourcesBuildPhase;
			buildActionMask = 2147483647;
			files = (
				F4EFCD8428E477AF007A9D59 /* .gitignore in Resources */,
				F4EFCD7C28E47742007A9D59 /* LaunchScreen.storyboard in Resources */,
				F4EFCD7928E47742007A9D59 /* Assets.xcassets in Resources */,
				F4EFCD7728E47740007A9D59 /* Main.storyboard in Resources */,
				F47BFD6628E6FDF50010885D /* DisneyPark.ttf in Resources */,
			);
			runOnlyForDeploymentPostprocessing = 0;
		};
/* End PBXResourcesBuildPhase section */

/* Begin PBXSourcesBuildPhase section */
		F4EFCD6828E47740007A9D59 /* Sources */ = {
			isa = PBXSourcesBuildPhase;
			buildActionMask = 2147483647;
			files = (
				F4EFCD9528E4A89D007A9D59 /* NetworkManager.swift in Sources */,
				F4EFCD9228E48CFF007A9D59 /* CharacterCell.swift in Sources */,
				F4EFCD7428E47740007A9D59 /* MainViewController.swift in Sources */,
				F4EFCD7028E47740007A9D59 /* AppDelegate.swift in Sources */,
				F4EFCD7228E47740007A9D59 /* SceneDelegate.swift in Sources */,
				F4EFCD8F28E48BC9007A9D59 /* Character.swift in Sources */,
				F4ACB63728E70841008EE311 /* DetailViewController.swift in Sources */,
			);
			runOnlyForDeploymentPostprocessing = 0;
		};
/* End PBXSourcesBuildPhase section */

/* Begin PBXVariantGroup section */
		F4EFCD7528E47740007A9D59 /* Main.storyboard */ = {
			isa = PBXVariantGroup;
			children = (
				F4EFCD7628E47740007A9D59 /* Base */,
			);
			name = Main.storyboard;
			sourceTree = "<group>";
		};
		F4EFCD7A28E47742007A9D59 /* LaunchScreen.storyboard */ = {
			isa = PBXVariantGroup;
			children = (
				F4EFCD7B28E47742007A9D59 /* Base */,
			);
			name = LaunchScreen.storyboard;
			sourceTree = "<group>";
		};
/* End PBXVariantGroup section */

/* Begin XCBuildConfiguration section */
		F4EFCD7E28E47742007A9D59 /* Debug */ = {
			isa = XCBuildConfiguration;
			buildSettings = {
				ALWAYS_SEARCH_USER_PATHS = NO;
				CLANG_ANALYZER_NONNULL = YES;
				CLANG_ANALYZER_NUMBER_OBJECT_CONVERSION = YES_AGGRESSIVE;
				CLANG_CXX_LANGUAGE_STANDARD = "gnu++20";
				CLANG_ENABLE_MODULES = YES;
				CLANG_ENABLE_OBJC_ARC = YES;
				CLANG_ENABLE_OBJC_WEAK = YES;
				CLANG_WARN_BLOCK_CAPTURE_AUTORELEASING = YES;
				CLANG_WARN_BOOL_CONVERSION = YES;
				CLANG_WARN_COMMA = YES;
				CLANG_WARN_CONSTANT_CONVERSION = YES;
				CLANG_WARN_DEPRECATED_OBJC_IMPLEMENTATIONS = YES;
				CLANG_WARN_DIRECT_OBJC_ISA_USAGE = YES_ERROR;
				CLANG_WARN_DOCUMENTATION_COMMENTS = YES;
				CLANG_WARN_EMPTY_BODY = YES;
				CLANG_WARN_ENUM_CONVERSION = YES;
				CLANG_WARN_INFINITE_RECURSION = YES;
				CLANG_WARN_INT_CONVERSION = YES;
				CLANG_WARN_NON_LITERAL_NULL_CONVERSION = YES;
				CLANG_WARN_OBJC_IMPLICIT_RETAIN_SELF = YES;
				CLANG_WARN_OBJC_LITERAL_CONVERSION = YES;
				CLANG_WARN_OBJC_ROOT_CLASS = YES_ERROR;
				CLANG_WARN_QUOTED_INCLUDE_IN_FRAMEWORK_HEADER = YES;
				CLANG_WARN_RANGE_LOOP_ANALYSIS = YES;
				CLANG_WARN_STRICT_PROTOTYPES = YES;
				CLANG_WARN_SUSPICIOUS_MOVE = YES;
				CLANG_WARN_UNGUARDED_AVAILABILITY = YES_AGGRESSIVE;
				CLANG_WARN_UNREACHABLE_CODE = YES;
				CLANG_WARN__DUPLICATE_METHOD_MATCH = YES;
				COPY_PHASE_STRIP = NO;
				DEBUG_INFORMATION_FORMAT = dwarf;
				ENABLE_STRICT_OBJC_MSGSEND = YES;
				ENABLE_TESTABILITY = YES;
				GCC_C_LANGUAGE_STANDARD = gnu11;
				GCC_DYNAMIC_NO_PIC = NO;
				GCC_NO_COMMON_BLOCKS = YES;
				GCC_OPTIMIZATION_LEVEL = 0;
				GCC_PREPROCESSOR_DEFINITIONS = (
					"DEBUG=1",
					"$(inherited)",
				);
				GCC_WARN_64_TO_32_BIT_CONVERSION = YES;
				GCC_WARN_ABOUT_RETURN_TYPE = YES_ERROR;
				GCC_WARN_UNDECLARED_SELECTOR = YES;
				GCC_WARN_UNINITIALIZED_AUTOS = YES_AGGRESSIVE;
				GCC_WARN_UNUSED_FUNCTION = YES;
				GCC_WARN_UNUSED_VARIABLE = YES;
				IPHONEOS_DEPLOYMENT_TARGET = 16.0;
				MTL_ENABLE_DEBUG_INFO = INCLUDE_SOURCE;
				MTL_FAST_MATH = YES;
				ONLY_ACTIVE_ARCH = YES;
				SDKROOT = iphoneos;
				SWIFT_ACTIVE_COMPILATION_CONDITIONS = DEBUG;
				SWIFT_OPTIMIZATION_LEVEL = "-Onone";
			};
			name = Debug;
		};
		F4EFCD7F28E47742007A9D59 /* Release */ = {
			isa = XCBuildConfiguration;
			buildSettings = {
				ALWAYS_SEARCH_USER_PATHS = NO;
				CLANG_ANALYZER_NONNULL = YES;
				CLANG_ANALYZER_NUMBER_OBJECT_CONVERSION = YES_AGGRESSIVE;
				CLANG_CXX_LANGUAGE_STANDARD = "gnu++20";
				CLANG_ENABLE_MODULES = YES;
				CLANG_ENABLE_OBJC_ARC = YES;
				CLANG_ENABLE_OBJC_WEAK = YES;
				CLANG_WARN_BLOCK_CAPTURE_AUTORELEASING = YES;
				CLANG_WARN_BOOL_CONVERSION = YES;
				CLANG_WARN_COMMA = YES;
				CLANG_WARN_CONSTANT_CONVERSION = YES;
				CLANG_WARN_DEPRECATED_OBJC_IMPLEMENTATIONS = YES;
				CLANG_WARN_DIRECT_OBJC_ISA_USAGE = YES_ERROR;
				CLANG_WARN_DOCUMENTATION_COMMENTS = YES;
				CLANG_WARN_EMPTY_BODY = YES;
				CLANG_WARN_ENUM_CONVERSION = YES;
				CLANG_WARN_INFINITE_RECURSION = YES;
				CLANG_WARN_INT_CONVERSION = YES;
				CLANG_WARN_NON_LITERAL_NULL_CONVERSION = YES;
				CLANG_WARN_OBJC_IMPLICIT_RETAIN_SELF = YES;
				CLANG_WARN_OBJC_LITERAL_CONVERSION = YES;
				CLANG_WARN_OBJC_ROOT_CLASS = YES_ERROR;
				CLANG_WARN_QUOTED_INCLUDE_IN_FRAMEWORK_HEADER = YES;
				CLANG_WARN_RANGE_LOOP_ANALYSIS = YES;
				CLANG_WARN_STRICT_PROTOTYPES = YES;
				CLANG_WARN_SUSPICIOUS_MOVE = YES;
				CLANG_WARN_UNGUARDED_AVAILABILITY = YES_AGGRESSIVE;
				CLANG_WARN_UNREACHABLE_CODE = YES;
				CLANG_WARN__DUPLICATE_METHOD_MATCH = YES;
				COPY_PHASE_STRIP = NO;
				DEBUG_INFORMATION_FORMAT = "dwarf-with-dsym";
				ENABLE_NS_ASSERTIONS = NO;
				ENABLE_STRICT_OBJC_MSGSEND = YES;
				GCC_C_LANGUAGE_STANDARD = gnu11;
				GCC_NO_COMMON_BLOCKS = YES;
				GCC_WARN_64_TO_32_BIT_CONVERSION = YES;
				GCC_WARN_ABOUT_RETURN_TYPE = YES_ERROR;
				GCC_WARN_UNDECLARED_SELECTOR = YES;
				GCC_WARN_UNINITIALIZED_AUTOS = YES_AGGRESSIVE;
				GCC_WARN_UNUSED_FUNCTION = YES;
				GCC_WARN_UNUSED_VARIABLE = YES;
				IPHONEOS_DEPLOYMENT_TARGET = 16.0;
				MTL_ENABLE_DEBUG_INFO = NO;
				MTL_FAST_MATH = YES;
				SDKROOT = iphoneos;
				SWIFT_COMPILATION_MODE = wholemodule;
				SWIFT_OPTIMIZATION_LEVEL = "-O";
				VALIDATE_PRODUCT = YES;
			};
			name = Release;
		};
		F4EFCD8128E47742007A9D59 /* Debug */ = {
			isa = XCBuildConfiguration;
			buildSettings = {
				ASSETCATALOG_COMPILER_APPICON_NAME = AppIcon;
				ASSETCATALOG_COMPILER_GLOBAL_ACCENT_COLOR_NAME = AccentColor;
				CODE_SIGN_STYLE = Automatic;
				CURRENT_PROJECT_VERSION = 1;
				DEVELOPMENT_TEAM = 5QX49B9H53;
				GENERATE_INFOPLIST_FILE = YES;
				INFOPLIST_FILE = TuturuTestTask/App/Info.plist;
				INFOPLIST_KEY_UIApplicationSupportsIndirectInputEvents = YES;
				INFOPLIST_KEY_UILaunchStoryboardName = LaunchScreen;
				INFOPLIST_KEY_UIMainStoryboardFile = Main;
				INFOPLIST_KEY_UISupportedInterfaceOrientations_iPad = "UIInterfaceOrientationPortrait UIInterfaceOrientationPortraitUpsideDown UIInterfaceOrientationLandscapeLeft UIInterfaceOrientationLandscapeRight";
				INFOPLIST_KEY_UISupportedInterfaceOrientations_iPhone = "UIInterfaceOrientationPortrait UIInterfaceOrientationLandscapeLeft UIInterfaceOrientationLandscapeRight";
				LD_RUNPATH_SEARCH_PATHS = (
					"$(inherited)",
					"@executable_path/Frameworks",
				);
				MARKETING_VERSION = 1.0;
				PRODUCT_BUNDLE_IDENTIFIER = com.durovCompany.TuturuTestTask;
				PRODUCT_NAME = "$(TARGET_NAME)";
				SWIFT_EMIT_LOC_STRINGS = YES;
				SWIFT_VERSION = 5.0;
				TARGETED_DEVICE_FAMILY = "1,2";
			};
			name = Debug;
		};
		F4EFCD8228E47742007A9D59 /* Release */ = {
			isa = XCBuildConfiguration;
			buildSettings = {
				ASSETCATALOG_COMPILER_APPICON_NAME = AppIcon;
				ASSETCATALOG_COMPILER_GLOBAL_ACCENT_COLOR_NAME = AccentColor;
				CODE_SIGN_STYLE = Automatic;
				CURRENT_PROJECT_VERSION = 1;
				DEVELOPMENT_TEAM = 5QX49B9H53;
				GENERATE_INFOPLIST_FILE = YES;
				INFOPLIST_FILE = TuturuTestTask/App/Info.plist;
				INFOPLIST_KEY_UIApplicationSupportsIndirectInputEvents = YES;
				INFOPLIST_KEY_UILaunchStoryboardName = LaunchScreen;
				INFOPLIST_KEY_UIMainStoryboardFile = Main;
				INFOPLIST_KEY_UISupportedInterfaceOrientations_iPad = "UIInterfaceOrientationPortrait UIInterfaceOrientationPortraitUpsideDown UIInterfaceOrientationLandscapeLeft UIInterfaceOrientationLandscapeRight";
				INFOPLIST_KEY_UISupportedInterfaceOrientations_iPhone = "UIInterfaceOrientationPortrait UIInterfaceOrientationLandscapeLeft UIInterfaceOrientationLandscapeRight";
				LD_RUNPATH_SEARCH_PATHS = (
					"$(inherited)",
					"@executable_path/Frameworks",
				);
				MARKETING_VERSION = 1.0;
				PRODUCT_BUNDLE_IDENTIFIER = com.durovCompany.TuturuTestTask;
				PRODUCT_NAME = "$(TARGET_NAME)";
				SWIFT_EMIT_LOC_STRINGS = YES;
				SWIFT_VERSION = 5.0;
				TARGETED_DEVICE_FAMILY = "1,2";
			};
			name = Release;
		};
/* End XCBuildConfiguration section */

/* Begin XCConfigurationList section */
		F4EFCD6728E47740007A9D59 /* Build configuration list for PBXProject "TuturuTestTask" */ = {
			isa = XCConfigurationList;
			buildConfigurations = (
				F4EFCD7E28E47742007A9D59 /* Debug */,
				F4EFCD7F28E47742007A9D59 /* Release */,
			);
			defaultConfigurationIsVisible = 0;
			defaultConfigurationName = Release;
		};
		F4EFCD8028E47742007A9D59 /* Build configuration list for PBXNativeTarget "TuturuTestTask" */ = {
			isa = XCConfigurationList;
			buildConfigurations = (
				F4EFCD8128E47742007A9D59 /* Debug */,
				F4EFCD8228E47742007A9D59 /* Release */,
			);
			defaultConfigurationIsVisible = 0;
			defaultConfigurationName = Release;
		};
/* End XCConfigurationList section */
	};
	rootObject = F4EFCD6428E47740007A9D59 /* Project object */;
}
